{
  "originHash" : "c668d5795e0d1e3870a68b141cc459d78691b4036b43adede93e167adb38f342",
  "pins" : [
    {
      "identity" : "tdkclient",
      "kind" : "remoteSourceControl",
      "location" : "https://github.com/CanSagnak1/TDKClient",
      "state" : {
        "branch" : "main",
        "revision" : "e7bad017d276d2b9f80cb7f1cacfc1ee87c80eda"
      }
    },
    {
      "identity" : "wordkit",
      "kind" : "remoteSourceControl",
      "location" : "https://github.com/CanSagnak1/WordKit",
      "state" : {
        "branch" : "main",
        "revision" : "b30cbbd20d750808b3008b1c5720258b66b41eb0"
      }
    }
  ],
  "version" : 3
}
